
Microsoft Visual Studio Solution File, Format Version 12.00
# Visual Studio Version 17
VisualStudioVersion = 17.13.35931.197 d17.13
MinimumVisualStudioVersion = 10.0.40219.1
Project("{FAE04EC0-301F-11D3-BF4B-00C04F79EFBC}") = "Review2.3", "Review2.3\Review2.3.csproj", "{61D4B8C6-0348-4FB8-8C14-123DE1547DEB}"
EndProject
Global
	GlobalSection(SolutionConfigurationPlatforms) = preSolution
		Debug|Any CPU = Debug|Any CPU
		Release|Any CPU = Release|Any CPU
	EndGlobalSection
	GlobalSection(ProjectConfigurationPlatforms) = postSolution
		{61D4B8C6-0348-4FB8-8C14-123DE1547DEB}.Debug|Any CPU.ActiveCfg = Debug|Any CPU
		{61D4B8C6-0348-4FB8-8C14-123DE1547DEB}.Debug|Any CPU.Build.0 = Debug|Any CPU
		{61D4B8C6-0348-4FB8-8C14-123DE1547DEB}.Release|Any CPU.ActiveCfg = Release|Any CPU
		{61D4B8C6-0348-4FB8-8C14-123DE1547DEB}.Release|Any CPU.Build.0 = Release|Any CPU
	EndGlobalSection
	GlobalSection(SolutionProperties) = preSolution
		HideSolutionNode = FALSE
	EndGlobalSection
	GlobalSection(ExtensibilityGlobals) = postSolution
		SolutionGuid = {C89DDB09-D6E7-4664-9A3A-17C3F71AE150}
	EndGlobalSection
EndGlobal
